{"filter":false,"title":"Gemfile.lock","tooltip":"/Gemfile.lock","undoManager":{"mark":-1,"position":-1,"stack":[]},"ace":{"folds":[],"scrolltop":1447.5,"scrollleft":0,"selection":{"start":{"row":22,"column":6},"end":{"row":22,"column":10},"isBackwards":false},"options":{"guessTabSize":true,"useWrapMode":false,"wrapToView":true},"firstLineState":{"row":102,"state":"start","mode":"ace/mode/text"}},"timestamp":1415244267205,"hash":"b59e6f720967761b26e4db14d832c987e49f8c63"}